{
  "name": "tesla",
  "lockfileVersion": 2,
  "requires": true,
  "packages": {
    "": {
      "dependencies": {
        "@sentry/react": "^7.0.0",
        "@sentry/tracing": "^7.0.0"
      }
    },
    "node_modules/@sentry/browser": {
      "version": "7.0.0",
      "resolved": "https://registry.npmjs.org/@sentry/browser/-/browser-7.0.0.tgz",
      "integrity": "sha512-XJeQA/CIocrmShpfVcccJ2RvZbWZy+OustSbgLP5Vk+ZnzbqKQo1zQ92jO/dUoVIsl5dWpUaOKfT6gXmORf4vQ==",
      "dependencies": {
        "@sentry/core": "7.0.0",
        "@sentry/types": "7.0.0",
        "@sentry/utils": "7.0.0",
        "tslib": "^1.9.3"
      },
      "engines": {
        "node": ">=8"
      }
    },
    "node_modules/@sentry/core": {
      "version": "7.0.0",
      "resolved": "https://registry.npmjs.org/@sentry/core/-/core-7.0.0.tgz",
      "integrity": "sha512-Wl7MjmahLhuzzByYiWaYTeHKQfF6usnMp+rTTYTBbneuM4MD7TikRt6ybgnxqyqR7nI7ADH/U8OljtiqwnsOcw==",
      "dependencies": {
        "@sentry/hub": "7.0.0",
        "@sentry/types": "7.0.0",
        "@sentry/utils": "7.0.0",
        "tslib": "^1.9.3"
      },
      "engines": {
        "node": ">=8"
      }
    },
    "node_modules/@sentry/hub": {
      "version": "7.0.0",
      "resolved": "https://registry.npmjs.org/@sentry/hub/-/hub-7.0.0.tgz",
      "integrity": "sha512-my4s+SPZiL6BKOK89YNk74QFRejlwVKKSetzz+Wr1cxDLbGXOIHS3uRJlagqOpfthhD1dq8m3WBQnabPf5JlHQ==",
      "dependencies": {
        "@sentry/types": "7.0.0",
        "@sentry/utils": "7.0.0",
        "tslib": "^1.9.3"
      },
      "engines": {
        "node": ">=8"
      }
    },
    "node_modules/@sentry/react": {
      "version": "7.0.0",
      "resolved": "https://registry.npmjs.org/@sentry/react/-/react-7.0.0.tgz",
      "integrity": "sha512-zF/fUjyWXAjycS6WEv4BntKpp/CzHr7Qv0qB1n1EITvdMAYWfJTOhXdIKF/U9Rq/OmM0Gd8SthFWaEAJWzCgZQ==",
      "dependencies": {
        "@sentry/browser": "7.0.0",
        "@sentry/types": "7.0.0",
        "@sentry/utils": "7.0.0",
        "hoist-non-react-statics": "^3.3.2",
        "tslib": "^1.9.3"
      },
      "engines": {
        "node": ">=8"
      },
      "peerDependencies": {
        "react": "15.x || 16.x || 17.x || 18.x"
      }
    },
    "node_modules/@sentry/tracing": {
      "version": "7.0.0",
      "resolved": "https://registry.npmjs.org/@sentry/tracing/-/tracing-7.0.0.tgz",
      "integrity": "sha512-eUHER2RWzm9OtFKQZIr5EwTGM3IU0xJ7l60rnAEbgW5b1bzWC0k/J6EeXeBBfGq7wric/BjH0WKQOnixtXUBpw==",
      "dependencies": {
        "@sentry/hub": "7.0.0",
        "@sentry/types": "7.0.0",
        "@sentry/utils": "7.0.0",
        "tslib": "^1.9.3"
      },
      "engines": {
        "node": ">=8"
      }
    },
    "node_modules/@sentry/types": {
      "version": "7.0.0",
      "resolved": "https://registry.npmjs.org/@sentry/types/-/types-7.0.0.tgz",
      "integrity": "sha512-im6iugKKyeOwHWiS3u+S+Ox4F6aJQ2fe76rzTDTlzdCPol4xEqYnB2kujGVVnDYrODR+qVb24ua3OsxXxwzppA==",
      "engines": {
        "node": ">=8"
      }
    },
    "node_modules/@sentry/utils": {
      "version": "7.0.0",
      "resolved": "https://registry.npmjs.org/@sentry/utils/-/utils-7.0.0.tgz",
      "integrity": "sha512-wmZNwzl1F/xCvaGX0TLz0+M+mZP8kn5woF770o2eUgXGURIuNsnSd0Vfi0nHuBJfngVeI/3+ofOJ9MH4Co4lIw==",
      "dependencies": {
        "@sentry/types": "7.0.0",
        "tslib": "^1.9.3"
      },
      "engines": {
        "node": ">=8"
      }
    },
    "node_modules/hoist-non-react-statics": {
      "version": "3.3.2",
      "resolved": "https://registry.npmjs.org/hoist-non-react-statics/-/hoist-non-react-statics-3.3.2.tgz",
      "integrity": "sha512-/gGivxi8JPKWNm/W0jSmzcMPpfpPLc3dY/6GxhX2hQ9iGj3aDfklV4ET7NjKpSinLpJ5vafa9iiGIEZg10SfBw==",
      "dependencies": {
        "react-is": "^16.7.0"
      }
    },
    "node_modules/js-tokens": {
      "version": "4.0.0",
      "resolved": "https://registry.npmjs.org/js-tokens/-/js-tokens-4.0.0.tgz",
      "integrity": "sha512-RdJUflcE3cUzKiMqQgsCu06FPu9UdIJO0beYbPhHN4k6apgJtifcoCtT9bcxOpYBtpD2kCM6Sbzg4CausW/PKQ==",
      "peer": true
    },
    "node_modules/loose-envify": {
      "version": "1.4.0",
      "resolved": "https://registry.npmjs.org/loose-envify/-/loose-envify-1.4.0.tgz",
      "integrity": "sha512-lyuxPGr/Wfhrlem2CL/UcnUc1zcqKAImBDzukY7Y5F/yQiNdko6+fRLevlw1HgMySw7f611UIY408EtxRSoK3Q==",
      "peer": true,
      "dependencies": {
        "js-tokens": "^3.0.0 || ^4.0.0"
      },
      "bin": {
        "loose-envify": "cli.js"
      }
    },
    "node_modules/react": {
      "version": "18.1.0",
      "resolved": "https://registry.npmjs.org/react/-/react-18.1.0.tgz",
      "integrity": "sha512-4oL8ivCz5ZEPyclFQXaNksK3adutVS8l2xzZU0cqEFrE9Sb7fC0EFK5uEk74wIreL1DERyjvsU915j1pcT2uEQ==",
      "peer": true,
      "dependencies": {
        "loose-envify": "^1.1.0"
      },
      "engines": {
        "node": ">=0.10.0"
      }
    },
    "node_modules/react-is": {
      "version": "16.13.1",
      "resolved": "https://registry.npmjs.org/react-is/-/react-is-16.13.1.tgz",
      "integrity": "sha512-24e6ynE2H+OKt4kqsOvNd8kBpV65zoxbA4BVsEOB3ARVWQki/DHzaUoC5KuON/BiccDaCCTZBuOcfZs70kR8bQ=="
    },
    "node_modules/tslib": {
      "version": "1.14.1",
      "resolved": "https://registry.npmjs.org/tslib/-/tslib-1.14.1.tgz",
      "integrity": "sha512-Xni35NKzjgMrwevysHTCArtLDpPvye8zV/0E4EyYn43P7/7qvQwPh9BGkHewbMulVntbigmcT7rdX3BNo9wRJg=="
    }
  },
  "dependencies": {
    "@sentry/browser": {
      "version": "7.0.0",
      "resolved": "https://registry.npmjs.org/@sentry/browser/-/browser-7.0.0.tgz",
      "integrity": "sha512-XJeQA/CIocrmShpfVcccJ2RvZbWZy+OustSbgLP5Vk+ZnzbqKQo1zQ92jO/dUoVIsl5dWpUaOKfT6gXmORf4vQ==",
      "requires": {
        "@sentry/core": "7.0.0",
        "@sentry/types": "7.0.0",
        "@sentry/utils": "7.0.0",
        "tslib": "^1.9.3"
      }
    },
    "@sentry/core": {
      "version": "7.0.0",
      "resolved": "https://registry.npmjs.org/@sentry/core/-/core-7.0.0.tgz",
      "integrity": "sha512-Wl7MjmahLhuzzByYiWaYTeHKQfF6usnMp+rTTYTBbneuM4MD7TikRt6ybgnxqyqR7nI7ADH/U8OljtiqwnsOcw==",
      "requires": {
        "@sentry/hub": "7.0.0",
        "@sentry/types": "7.0.0",
        "@sentry/utils": "7.0.0",
        "tslib": "^1.9.3"
      }
    },
    "@sentry/hub": {
      "version": "7.0.0",
      "resolved": "https://registry.npmjs.org/@sentry/hub/-/hub-7.0.0.tgz",
      "integrity": "sha512-my4s+SPZiL6BKOK89YNk74QFRejlwVKKSetzz+Wr1cxDLbGXOIHS3uRJlagqOpfthhD1dq8m3WBQnabPf5JlHQ==",
      "requires": {
        "@sentry/types": "7.0.0",
        "@sentry/utils": "7.0.0",
        "tslib": "^1.9.3"
      }
    },
    "@sentry/react": {
      "version": "7.0.0",
      "resolved": "https://registry.npmjs.org/@sentry/react/-/react-7.0.0.tgz",
      "integrity": "sha512-zF/fUjyWXAjycS6WEv4BntKpp/CzHr7Qv0qB1n1EITvdMAYWfJTOhXdIKF/U9Rq/OmM0Gd8SthFWaEAJWzCgZQ==",
      "requires": {
        "@sentry/browser": "7.0.0",
        "@sentry/types": "7.0.0",
        "@sentry/utils": "7.0.0",
        "hoist-non-react-statics": "^3.3.2",
        "tslib": "^1.9.3"
      }
    },
    "@sentry/tracing": {
      "version": "7.0.0",
      "resolved": "https://registry.npmjs.org/@sentry/tracing/-/tracing-7.0.0.tgz",
      "integrity": "sha512-eUHER2RWzm9OtFKQZIr5EwTGM3IU0xJ7l60rnAEbgW5b1bzWC0k/J6EeXeBBfGq7wric/BjH0WKQOnixtXUBpw==",
      "requires": {
        "@sentry/hub": "7.0.0",
        "@sentry/types": "7.0.0",
        "@sentry/utils": "7.0.0",
        "tslib": "^1.9.3"
      }
    },
    "@sentry/types": {
      "version": "7.0.0",
      "resolved": "https://registry.npmjs.org/@sentry/types/-/types-7.0.0.tgz",
      "integrity": "sha512-im6iugKKyeOwHWiS3u+S+Ox4F6aJQ2fe76rzTDTlzdCPol4xEqYnB2kujGVVnDYrODR+qVb24ua3OsxXxwzppA=="
    },
    "@sentry/utils": {
      "version": "7.0.0",
      "resolved": "https://registry.npmjs.org/@sentry/utils/-/utils-7.0.0.tgz",
      "integrity": "sha512-wmZNwzl1F/xCvaGX0TLz0+M+mZP8kn5woF770o2eUgXGURIuNsnSd0Vfi0nHuBJfngVeI/3+ofOJ9MH4Co4lIw==",
      "requires": {
        "@sentry/types": "7.0.0",
        "tslib": "^1.9.3"
      }
    },
    "hoist-non-react-statics": {
      "version": "3.3.2",
      "resolved": "https://registry.npmjs.org/hoist-non-react-statics/-/hoist-non-react-statics-3.3.2.tgz",
      "integrity": "sha512-/gGivxi8JPKWNm/W0jSmzcMPpfpPLc3dY/6GxhX2hQ9iGj3aDfklV4ET7NjKpSinLpJ5vafa9iiGIEZg10SfBw==",
      "requires": {
        "react-is": "^16.7.0"
      }
    },
    "js-tokens": {
      "version": "4.0.0",
      "resolved": "https://registry.npmjs.org/js-tokens/-/js-tokens-4.0.0.tgz",
      "integrity": "sha512-RdJUflcE3cUzKiMqQgsCu06FPu9UdIJO0beYbPhHN4k6apgJtifcoCtT9bcxOpYBtpD2kCM6Sbzg4CausW/PKQ==",
      "peer": true
    },
    "loose-envify": {
      "version": "1.4.0",
      "resolved": "https://registry.npmjs.org/loose-envify/-/loose-envify-1.4.0.tgz",
      "integrity": "sha512-lyuxPGr/Wfhrlem2CL/UcnUc1zcqKAImBDzukY7Y5F/yQiNdko6+fRLevlw1HgMySw7f611UIY408EtxRSoK3Q==",
      "peer": true,
      "requires": {
        "js-tokens": "^3.0.0 || ^4.0.0"
      }
    },
    "react": {
      "version": "18.1.0",
      "resolved": "https://registry.npmjs.org/react/-/react-18.1.0.tgz",
      "integrity": "sha512-4oL8ivCz5ZEPyclFQXaNksK3adutVS8l2xzZU0cqEFrE9Sb7fC0EFK5uEk74wIreL1DERyjvsU915j1pcT2uEQ==",
      "peer": true,
      "requires": {
        "loose-envify": "^1.1.0"
      }
    },
    "react-is": {
      "version": "16.13.1",
      "resolved": "https://registry.npmjs.org/react-is/-/react-is-16.13.1.tgz",
      "integrity": "sha512-24e6ynE2H+OKt4kqsOvNd8kBpV65zoxbA4BVsEOB3ARVWQki/DHzaUoC5KuON/BiccDaCCTZBuOcfZs70kR8bQ=="
    },
    "tslib": {
      "version": "1.14.1",
      "resolved": "https://registry.npmjs.org/tslib/-/tslib-1.14.1.tgz",
      "integrity": "sha512-Xni35NKzjgMrwevysHTCArtLDpPvye8zV/0E4EyYn43P7/7qvQwPh9BGkHewbMulVntbigmcT7rdX3BNo9wRJg=="
    }
  }
}
